// !$*UTF8*$!
{
	archiveVersion = 1;
	classes = {
	};
	objectVersion = 55;
	objects = {

/* Begin PBXBuildFile section */
		BFFB6E8D28BE5B5D0053F5CD /* SymbolRoller_SwiftUIApp.swift in Sources */ = {isa = PBXBuildFile; fileRef = BFFB6E8C28BE5B5D0053F5CD /* SymbolRoller_SwiftUIApp.swift */; };
		BFFB6E8F28BE5B5D0053F5CD /* ContentView.swift in Sources */ = {isa = PBXBuildFile; fileRef = BFFB6E8E28BE5B5D0053F5CD /* ContentView.swift */; };
		BFFB6E9128BE5B5F0053F5CD /* Assets.xcassets in Resources */ = {isa = PBXBuildFile; fileRef = BFFB6E9028BE5B5F0053F5CD /* Assets.xcassets */; };
		BFFB6E9428BE5B5F0053F5CD /* Preview Assets.xcassets in Resources */ = {isa = PBXBuildFile; fileRef = BFFB6E9328BE5B5F0053F5CD /* Preview Assets.xcassets */; };
		BFFB6E9E28BE5B5F0053F5CD /* SymbolRoller_SwiftUITests.swift in Sources */ = {isa = PBXBuildFile; fileRef = BFFB6E9D28BE5B5F0053F5CD /* SymbolRoller_SwiftUITests.swift */; };
		BFFB6EA828BE5B5F0053F5CD /* SymbolRoller_SwiftUIUITests.swift in Sources */ = {isa = PBXBuildFile; fileRef = BFFB6EA728BE5B5F0053F5CD /* SymbolRoller_SwiftUIUITests.swift */; };
		BFFB6EAA28BE5B5F0053F5CD /* SymbolRoller_SwiftUIUITestsLaunchTests.swift in Sources */ = {isa = PBXBuildFile; fileRef = BFFB6EA928BE5B5F0053F5CD /* SymbolRoller_SwiftUIUITestsLaunchTests.swift */; };
/* End PBXBuildFile section */

/* Begin PBXContainerItemProxy section */
		BFFB6E9A28BE5B5F0053F5CD /* PBXContainerItemProxy */ = {
			isa = PBXContainerItemProxy;
			containerPortal = BFFB6E8128BE5B5D0053F5CD /* Project object */;
			proxyType = 1;
			remoteGlobalIDString = BFFB6E8828BE5B5D0053F5CD;
			remoteInfo = "SymbolRoller-SwiftUI";
		};
		BFFB6EA428BE5B5F0053F5CD /* PBXContainerItemProxy */ = {
			isa = PBXContainerItemProxy;
			containerPortal = BFFB6E8128BE5B5D0053F5CD /* Project object */;
			proxyType = 1;
			remoteGlobalIDString = BFFB6E8828BE5B5D0053F5CD;
			remoteInfo = "SymbolRoller-SwiftUI";
		};
/* End PBXContainerItemProxy section */

/* Begin PBXFileReference section */
		BFFB6E8928BE5B5D0053F5CD /* SymbolRoller-SwiftUI.app */ = {isa = PBXFileReference; explicitFileType = wrapper.application; includeInIndex = 0; path = "SymbolRoller-SwiftUI.app"; sourceTree = BUILT_PRODUCTS_DIR; };
		BFFB6E8C28BE5B5D0053F5CD /* SymbolRoller_SwiftUIApp.swift */ = {isa = PBXFileReference; lastKnownFileType = sourcecode.swift; path = SymbolRoller_SwiftUIApp.swift; sourceTree = "<group>"; };
		BFFB6E8E28BE5B5D0053F5CD /* ContentView.swift */ = {isa = PBXFileReference; lastKnownFileType = sourcecode.swift; path = ContentView.swift; sourceTree = "<group>"; };
		BFFB6E9028BE5B5F0053F5CD /* Assets.xcassets */ = {isa = PBXFileReference; lastKnownFileType = folder.assetcatalog; path = Assets.xcassets; sourceTree = "<group>"; };
		BFFB6E9328BE5B5F0053F5CD /* Preview Assets.xcassets */ = {isa = PBXFileReference; lastKnownFileType = folder.assetcatalog; path = "Preview Assets.xcassets"; sourceTree = "<group>"; };
		BFFB6E9928BE5B5F0053F5CD /* SymbolRoller-SwiftUITests.xctest */ = {isa = PBXFileReference; explicitFileType = wrapper.cfbundle; includeInIndex = 0; path = "SymbolRoller-SwiftUITests.xctest"; sourceTree = BUILT_PRODUCTS_DIR; };
		BFFB6E9D28BE5B5F0053F5CD /* SymbolRoller_SwiftUITests.swift */ = {isa = PBXFileReference; lastKnownFileType = sourcecode.swift; path = SymbolRoller_SwiftUITests.swift; sourceTree = "<group>"; };
		BFFB6EA328BE5B5F0053F5CD /* SymbolRoller-SwiftUIUITests.xctest */ = {isa = PBXFileReference; explicitFileType = wrapper.cfbundle; includeInIndex = 0; path = "SymbolRoller-SwiftUIUITests.xctest"; sourceTree = BUILT_PRODUCTS_DIR; };
		BFFB6EA728BE5B5F0053F5CD /* SymbolRoller_SwiftUIUITests.swift */ = {isa = PBXFileReference; lastKnownFileType = sourcecode.swift; path = SymbolRoller_SwiftUIUITests.swift; sourceTree = "<group>"; };
		BFFB6EA928BE5B5F0053F5CD /* SymbolRoller_SwiftUIUITestsLaunchTests.swift */ = {isa = PBXFileReference; lastKnownFileType = sourcecode.swift; path = SymbolRoller_SwiftUIUITestsLaunchTests.swift; sourceTree = "<group>"; };
/* End PBXFileReference section */

/* Begin PBXFrameworksBuildPhase section */
		BFFB6E8628BE5B5D0053F5CD /* Frameworks */ = {
			isa = PBXFrameworksBuildPhase;
			buildActionMask = 2147483647;
			files = (
			);
			runOnlyForDeploymentPostprocessing = 0;
		};
		BFFB6E9628BE5B5F0053F5CD /* Frameworks */ = {
			isa = PBXFrameworksBuildPhase;
			buildActionMask = 2147483647;
			files = (
			);
			runOnlyForDeploymentPostprocessing = 0;
		};
		BFFB6EA028BE5B5F0053F5CD /* Frameworks */ = {
			isa = PBXFrameworksBuildPhase;
			buildActionMask = 2147483647;
			files = (
			);
			runOnlyForDeploymentPostprocessing = 0;
		};
/* End PBXFrameworksBuildPhase section */

/* Begin PBXGroup section */
		BFFB6E8028BE5B5D0053F5CD = {
			isa = PBXGroup;
			children = (
				BFFB6E8B28BE5B5D0053F5CD /* SymbolRoller-SwiftUI */,
				BFFB6E9C28BE5B5F0053F5CD /* SymbolRoller-SwiftUITests */,
				BFFB6EA628BE5B5F0053F5CD /* SymbolRoller-SwiftUIUITests */,
				BFFB6E8A28BE5B5D0053F5CD /* Products */,
			);
			sourceTree = "<group>";
		};
		BFFB6E8A28BE5B5D0053F5CD /* Products */ = {
			isa = PBXGroup;
			children = (
				BFFB6E8928BE5B5D0053F5CD /* SymbolRoller-SwiftUI.app */,
				BFFB6E9928BE5B5F0053F5CD /* SymbolRoller-SwiftUITests.xctest */,
				BFFB6EA328BE5B5F0053F5CD /* SymbolRoller-SwiftUIUITests.xctest */,
			);
			name = Products;
			sourceTree = "<group>";
		};
		BFFB6E8B28BE5B5D0053F5CD /* SymbolRoller-SwiftUI */ = {
			isa = PBXGroup;
			children = (
				BFFB6E8C28BE5B5D0053F5CD /* SymbolRoller_SwiftUIApp.swift */,
				BFFB6E8E28BE5B5D0053F5CD /* ContentView.swift */,
				BFFB6E9028BE5B5F0053F5CD /* Assets.xcassets */,
				BFFB6E9228BE5B5F0053F5CD /* Preview Content */,
			);
			path = "SymbolRoller-SwiftUI";
			sourceTree = "<group>";
		};
		BFFB6E9228BE5B5F0053F5CD /* Preview Content */ = {
			isa = PBXGroup;
			children = (
				BFFB6E9328BE5B5F0053F5CD /* Preview Assets.xcassets */,
			);
			path = "Preview Content";
			sourceTree = "<group>";
		};
		BFFB6E9C28BE5B5F0053F5CD /* SymbolRoller-SwiftUITests */ = {
			isa = PBXGroup;
			children = (
				BFFB6E9D28BE5B5F0053F5CD /* SymbolRoller_SwiftUITests.swift */,
			);
			path = "SymbolRoller-SwiftUITests";
			sourceTree = "<group>";
		};
		BFFB6EA628BE5B5F0053F5CD /* SymbolRoller-SwiftUIUITests */ = {
			isa = PBXGroup;
			children = (
				BFFB6EA728BE5B5F0053F5CD /* SymbolRoller_SwiftUIUITests.swift */,
				BFFB6EA928BE5B5F0053F5CD /* SymbolRoller_SwiftUIUITestsLaunchTests.swift */,
			);
			path = "SymbolRoller-SwiftUIUITests";
			sourceTree = "<group>";
		};
/* End PBXGroup section */

/* Begin PBXNativeTarget section */
		BFFB6E8828BE5B5D0053F5CD /* SymbolRoller-SwiftUI */ = {
			isa = PBXNativeTarget;
			buildConfigurationList = BFFB6EAD28BE5B5F0053F5CD /* Build configuration list for PBXNativeTarget "SymbolRoller-SwiftUI" */;
			buildPhases = (
				BFFB6E8528BE5B5D0053F5CD /* Sources */,
				BFFB6E8628BE5B5D0053F5CD /* Frameworks */,
				BFFB6E8728BE5B5D0053F5CD /* Resources */,
			);
			buildRules = (
			);
			dependencies = (
			);
			name = "SymbolRoller-SwiftUI";
			productName = "SymbolRoller-SwiftUI";
			productReference = BFFB6E8928BE5B5D0053F5CD /* SymbolRoller-SwiftUI.app */;
			productType = "com.apple.product-type.application";
		};
		BFFB6E9828BE5B5F0053F5CD /* SymbolRoller-SwiftUITests */ = {
			isa = PBXNativeTarget;
			buildConfigurationList = BFFB6EB028BE5B5F0053F5CD /* Build configuration list for PBXNativeTarget "SymbolRoller-SwiftUITests" */;
			buildPhases = (
				BFFB6E9528BE5B5F0053F5CD /* Sources */,
				BFFB6E9628BE5B5F0053F5CD /* Frameworks */,
				BFFB6E9728BE5B5F0053F5CD /* Resources */,
			);
			buildRules = (
			);
			dependencies = (
				BFFB6E9B28BE5B5F0053F5CD /* PBXTargetDependency */,
			);
			name = "SymbolRoller-SwiftUITests";
			productName = "SymbolRoller-SwiftUITests";
			productReference = BFFB6E9928BE5B5F0053F5CD /* SymbolRoller-SwiftUITests.xctest */;
			productType = "com.apple.product-type.bundle.unit-test";
		};
		BFFB6EA228BE5B5F0053F5CD /* SymbolRoller-SwiftUIUITests */ = {
			isa = PBXNativeTarget;
			buildConfigurationList = BFFB6EB328BE5B5F0053F5CD /* Build configuration list for PBXNativeTarget "SymbolRoller-SwiftUIUITests" */;
			buildPhases = (
				BFFB6E9F28BE5B5F0053F5CD /* Sources */,
				BFFB6EA028BE5B5F0053F5CD /* Frameworks */,
				BFFB6EA128BE5B5F0053F5CD /* Resources */,
			);
			buildRules = (
			);
			dependencies = (
				BFFB6EA528BE5B5F0053F5CD /* PBXTargetDependency */,
			);
			name = "SymbolRoller-SwiftUIUITests";
			productName = "SymbolRoller-SwiftUIUITests";
			productReference = BFFB6EA328BE5B5F0053F5CD /* SymbolRoller-SwiftUIUITests.xctest */;
			productType = "com.apple.product-type.bundle.ui-testing";
		};
/* End PBXNativeTarget section */

/* Begin PBXProject section */
		BFFB6E8128BE5B5D0053F5CD /* Project object */ = {
			isa = PBXProject;
			attributes = {
				BuildIndependentTargetsInParallel = 1;
				LastSwiftUpdateCheck = 1340;
				LastUpgradeCheck = 1340;
				TargetAttributes = {
					BFFB6E8828BE5B5D0053F5CD = {
						CreatedOnToolsVersion = 13.4.1;
					};
					BFFB6E9828BE5B5F0053F5CD = {
						CreatedOnToolsVersion = 13.4.1;
						TestTargetID = BFFB6E8828BE5B5D0053F5CD;
					};
					BFFB6EA228BE5B5F0053F5CD = {
						CreatedOnToolsVersion = 13.4.1;
						TestTargetID = BFFB6E8828BE5B5D0053F5CD;
					};
				};
			};
			buildConfigurationList = BFFB6E8428BE5B5D0053F5CD /* Build configuration list for PBXProject "SymbolRoller-SwiftUI" */;
			compatibilityVersion = "Xcode 13.0";
			developmentRegion = en;
			hasScannedForEncodings = 0;
			knownRegions = (
				en,
				Base,
			);
			mainGroup = BFFB6E8028BE5B5D0053F5CD;
			productRefGroup = BFFB6E8A28BE5B5D0053F5CD /* Products */;
			projectDirPath = "";
			projectRoot = "";
			targets = (
				BFFB6E8828BE5B5D0053F5CD /* SymbolRoller-SwiftUI */,
				BFFB6E9828BE5B5F0053F5CD /* SymbolRoller-SwiftUITests */,
				BFFB6EA228BE5B5F0053F5CD /* SymbolRoller-SwiftUIUITests */,
			);
		};
/* End PBXProject section */

/* Begin PBXResourcesBuildPhase section */
		BFFB6E8728BE5B5D0053F5CD /* Resources */ = {
			isa = PBXResourcesBuildPhase;
			buildActionMask = 2147483647;
			files = (
				BFFB6E9428BE5B5F0053F5CD /* Preview Assets.xcassets in Resources */,
				BFFB6E9128BE5B5F0053F5CD /* Assets.xcassets in Resources */,
			);
			runOnlyForDeploymentPostprocessing = 0;
		};
		BFFB6E9728BE5B5F0053F5CD /* Resources */ = {
			isa = PBXResourcesBuildPhase;
			buildActionMask = 2147483647;
			files = (
			);
			runOnlyForDeploymentPostprocessing = 0;
		};
		BFFB6EA128BE5B5F0053F5CD /* Resources */ = {
			isa = PBXResourcesBuildPhase;
			buildActionMask = 2147483647;
			files = (
			);
			runOnlyForDeploymentPostprocessing = 0;
		};
/* End PBXResourcesBuildPhase section */

/* Begin PBXSourcesBuildPhase section */
		BFFB6E8528BE5B5D0053F5CD /* Sources */ = {
			isa = PBXSourcesBuildPhase;
			buildActionMask = 2147483647;
			files = (
				BFFB6E8F28BE5B5D0053F5CD /* ContentView.swift in Sources */,
				BFFB6E8D28BE5B5D0053F5CD /* SymbolRoller_SwiftUIApp.swift in Sources */,
			);
			runOnlyForDeploymentPostprocessing = 0;
		};
		BFFB6E9528BE5B5F0053F5CD /* Sources */ = {
			isa = PBXSourcesBuildPhase;
			buildActionMask = 2147483647;
			files = (
				BFFB6E9E28BE5B5F0053F5CD /* SymbolRoller_SwiftUITests.swift in Sources */,
			);
			runOnlyForDeploymentPostprocessing = 0;
		};
		BFFB6E9F28BE5B5F0053F5CD /* Sources */ = {
			isa = PBXSourcesBuildPhase;
			buildActionMask = 2147483647;
			files = (
				BFFB6EAA28BE5B5F0053F5CD /* SymbolRoller_SwiftUIUITestsLaunchTests.swift in Sources */,
				BFFB6EA828BE5B5F0053F5CD /* SymbolRoller_SwiftUIUITests.swift in Sources */,
			);
			runOnlyForDeploymentPostprocessing = 0;
		};
/* End PBXSourcesBuildPhase section */

/* Begin PBXTargetDependency section */
		BFFB6E9B28BE5B5F0053F5CD /* PBXTargetDependency */ = {
			isa = PBXTargetDependency;
			target = BFFB6E8828BE5B5D0053F5CD /* SymbolRoller-SwiftUI */;
			targetProxy = BFFB6E9A28BE5B5F0053F5CD /* PBXContainerItemProxy */;
		};
		BFFB6EA528BE5B5F0053F5CD /* PBXTargetDependency */ = {
			isa = PBXTargetDependency;
			target = BFFB6E8828BE5B5D0053F5CD /* SymbolRoller-SwiftUI */;
			targetProxy = BFFB6EA428BE5B5F0053F5CD /* PBXContainerItemProxy */;
		};
/* End PBXTargetDependency section */

/* Begin XCBuildConfiguration section */
		BFFB6EAB28BE5B5F0053F5CD /* Debug */ = {
			isa = XCBuildConfiguration;
			buildSettings = {
				ALWAYS_SEARCH_USER_PATHS = NO;
				CLANG_ANALYZER_NONNULL = YES;
				CLANG_ANALYZER_NUMBER_OBJECT_CONVERSION = YES_AGGRESSIVE;
				CLANG_CXX_LANGUAGE_STANDARD = "gnu++17";
				CLANG_ENABLE_MODULES = YES;
				CLANG_ENABLE_OBJC_ARC = YES;
				CLANG_ENABLE_OBJC_WEAK = YES;
				CLANG_WARN_BLOCK_CAPTURE_AUTORELEASING = YES;
				CLANG_WARN_BOOL_CONVERSION = YES;
				CLANG_WARN_COMMA = YES;
				CLANG_WARN_CONSTANT_CONVERSION = YES;
				CLANG_WARN_DEPRECATED_OBJC_IMPLEMENTATIONS = YES;
				CLANG_WARN_DIRECT_OBJC_ISA_USAGE = YES_ERROR;
				CLANG_WARN_DOCUMENTATION_COMMENTS = YES;
				CLANG_WARN_EMPTY_BODY = YES;
				CLANG_WARN_ENUM_CONVERSION = YES;
				CLANG_WARN_INFINITE_RECURSION = YES;
				CLANG_WARN_INT_CONVERSION = YES;
				CLANG_WARN_NON_LITERAL_NULL_CONVERSION = YES;
				CLANG_WARN_OBJC_IMPLICIT_RETAIN_SELF = YES;
				CLANG_WARN_OBJC_LITERAL_CONVERSION = YES;
				CLANG_WARN_OBJC_ROOT_CLASS = YES_ERROR;
				CLANG_WARN_QUOTED_INCLUDE_IN_FRAMEWORK_HEADER = YES;
				CLANG_WARN_RANGE_LOOP_ANALYSIS = YES;
				CLANG_WARN_STRICT_PROTOTYPES = YES;
				CLANG_WARN_SUSPICIOUS_MOVE = YES;
				CLANG_WARN_UNGUARDED_AVAILABILITY = YES_AGGRESSIVE;
				CLANG_WARN_UNREACHABLE_CODE = YES;
				CLANG_WARN__DUPLICATE_METHOD_MATCH = YES;
				COPY_PHASE_STRIP = NO;
				DEBUG_INFORMATION_FORMAT = dwarf;
				ENABLE_STRICT_OBJC_MSGSEND = YES;
				ENABLE_TESTABILITY = YES;
				GCC_C_LANGUAGE_STANDARD = gnu11;
				GCC_DYNAMIC_NO_PIC = NO;
				GCC_NO_COMMON_BLOCKS = YES;
				GCC_OPTIMIZATION_LEVEL = 0;
				GCC_PREPROCESSOR_DEFINITIONS = (
					"DEBUG=1",
					"$(inherited)",
				);
				GCC_WARN_64_TO_32_BIT_CONVERSION = YES;
				GCC_WARN_ABOUT_RETURN_TYPE = YES_ERROR;
				GCC_WARN_UNDECLARED_SELECTOR = YES;
				GCC_WARN_UNINITIALIZED_AUTOS = YES_AGGRESSIVE;
				GCC_WARN_UNUSED_FUNCTION = YES;
				GCC_WARN_UNUSED_VARIABLE = YES;
				IPHONEOS_DEPLOYMENT_TARGET = 15.5;
				MTL_ENABLE_DEBUG_INFO = INCLUDE_SOURCE;
				MTL_FAST_MATH = YES;
				ONLY_ACTIVE_ARCH = YES;
				SDKROOT = iphoneos;
				SWIFT_ACTIVE_COMPILATION_CONDITIONS = DEBUG;
				SWIFT_OPTIMIZATION_LEVEL = "-Onone";
			};
			name = Debug;
		};
		BFFB6EAC28BE5B5F0053F5CD /* Release */ = {
			isa = XCBuildConfiguration;
			buildSettings = {
				ALWAYS_SEARCH_USER_PATHS = NO;
				CLANG_ANALYZER_NONNULL = YES;
				CLANG_ANALYZER_NUMBER_OBJECT_CONVERSION = YES_AGGRESSIVE;
				CLANG_CXX_LANGUAGE_STANDARD = "gnu++17";
				CLANG_ENABLE_MODULES = YES;
				CLANG_ENABLE_OBJC_ARC = YES;
				CLANG_ENABLE_OBJC_WEAK = YES;
				CLANG_WARN_BLOCK_CAPTURE_AUTORELEASING = YES;
				CLANG_WARN_BOOL_CONVERSION = YES;
				CLANG_WARN_COMMA = YES;
				CLANG_WARN_CONSTANT_CONVERSION = YES;
				CLANG_WARN_DEPRECATED_OBJC_IMPLEMENTATIONS = YES;
				CLANG_WARN_DIRECT_OBJC_ISA_USAGE = YES_ERROR;
				CLANG_WARN_DOCUMENTATION_COMMENTS = YES;
				CLANG_WARN_EMPTY_BODY = YES;
				CLANG_WARN_ENUM_CONVERSION = YES;
				CLANG_WARN_INFINITE_RECURSION = YES;
				CLANG_WARN_INT_CONVERSION = YES;
				CLANG_WARN_NON_LITERAL_NULL_CONVERSION = YES;
				CLANG_WARN_OBJC_IMPLICIT_RETAIN_SELF = YES;
				CLANG_WARN_OBJC_LITERAL_CONVERSION = YES;
				CLANG_WARN_OBJC_ROOT_CLASS = YES_ERROR;
				CLANG_WARN_QUOTED_INCLUDE_IN_FRAMEWORK_HEADER = YES;
				CLANG_WARN_RANGE_LOOP_ANALYSIS = YES;
				CLANG_WARN_STRICT_PROTOTYPES = YES;
				CLANG_WARN_SUSPICIOUS_MOVE = YES;
				CLANG_WARN_UNGUARDED_AVAILABILITY = YES_AGGRESSIVE;
				CLANG_WARN_UNREACHABLE_CODE = YES;
				CLANG_WARN__DUPLICATE_METHOD_MATCH = YES;
				COPY_PHASE_STRIP = NO;
				DEBUG_INFORMATION_FORMAT = "dwarf-with-dsym";
				ENABLE_NS_ASSERTIONS = NO;
				ENABLE_STRICT_OBJC_MSGSEND = YES;
				GCC_C_LANGUAGE_STANDARD = gnu11;
				GCC_NO_COMMON_BLOCKS = YES;
				GCC_WARN_64_TO_32_BIT_CONVERSION = YES;
				GCC_WARN_ABOUT_RETURN_TYPE = YES_ERROR;
				GCC_WARN_UNDECLARED_SELECTOR = YES;
				GCC_WARN_UNINITIALIZED_AUTOS = YES_AGGRESSIVE;
				GCC_WARN_UNUSED_FUNCTION = YES;
				GCC_WARN_UNUSED_VARIABLE = YES;
				IPHONEOS_DEPLOYMENT_TARGET = 15.5;
				MTL_ENABLE_DEBUG_INFO = NO;
				MTL_FAST_MATH = YES;
				SDKROOT = iphoneos;
				SWIFT_COMPILATION_MODE = wholemodule;
				SWIFT_OPTIMIZATION_LEVEL = "-O";
				VALIDATE_PRODUCT = YES;
			};
			name = Release;
		};
		BFFB6EAE28BE5B5F0053F5CD /* Debug */ = {
			isa = XCBuildConfiguration;
			buildSettings = {
				ASSETCATALOG_COMPILER_APPICON_NAME = AppIcon;
				ASSETCATALOG_COMPILER_GLOBAL_ACCENT_COLOR_NAME = AccentColor;
				CODE_SIGN_STYLE = Automatic;
				CURRENT_PROJECT_VERSION = 1;
				DEVELOPMENT_ASSET_PATHS = "\"SymbolRoller-SwiftUI/Preview Content\"";
				ENABLE_PREVIEWS = YES;
				GENERATE_INFOPLIST_FILE = YES;
				INFOPLIST_KEY_UIApplicationSceneManifest_Generation = YES;
				INFOPLIST_KEY_UIApplicationSupportsIndirectInputEvents = YES;
				INFOPLIST_KEY_UILaunchScreen_Generation = YES;
				INFOPLIST_KEY_UISupportedInterfaceOrientations_iPad = "UIInterfaceOrientationPortrait UIInterfaceOrientationPortraitUpsideDown UIInterfaceOrientationLandscapeLeft UIInterfaceOrientationLandscapeRight";
				INFOPLIST_KEY_UISupportedInterfaceOrientations_iPhone = "UIInterfaceOrientationPortrait UIInterfaceOrientationLandscapeLeft UIInterfaceOrientationLandscapeRight";
				LD_RUNPATH_SEARCH_PATHS = (
					"$(inherited)",
					"@executable_path/Frameworks",
				);
				MARKETING_VERSION = 1.0;
				PRODUCT_BUNDLE_IDENTIFIER = "au.edu.uts.SymbolRoller-SwiftUI";
				PRODUCT_NAME = "$(TARGET_NAME)";
				SWIFT_EMIT_LOC_STRINGS = YES;
				SWIFT_VERSION = 5.0;
				TARGETED_DEVICE_FAMILY = "1,2";
			};
			name = Debug;
		};
		BFFB6EAF28BE5B5F0053F5CD /* Release */ = {
			isa = XCBuildConfiguration;
			buildSettings = {
				ASSETCATALOG_COMPILER_APPICON_NAME = AppIcon;
				ASSETCATALOG_COMPILER_GLOBAL_ACCENT_COLOR_NAME = AccentColor;
				CODE_SIGN_STYLE = Automatic;
				CURRENT_PROJECT_VERSION = 1;
				DEVELOPMENT_ASSET_PATHS = "\"SymbolRoller-SwiftUI/Preview Content\"";
				ENABLE_PREVIEWS = YES;
				GENERATE_INFOPLIST_FILE = YES;
				INFOPLIST_KEY_UIApplicationSceneManifest_Generation = YES;
				INFOPLIST_KEY_UIApplicationSupportsIndirectInputEvents = YES;
				INFOPLIST_KEY_UILaunchScreen_Generation = YES;
				INFOPLIST_KEY_UISupportedInterfaceOrientations_iPad = "UIInterfaceOrientationPortrait UIInterfaceOrientationPortraitUpsideDown UIInterfaceOrientationLandscapeLeft UIInterfaceOrientationLandscapeRight";
				INFOPLIST_KEY_UISupportedInterfaceOrientations_iPhone = "UIInterfaceOrientationPortrait UIInterfaceOrientationLandscapeLeft UIInterfaceOrientationLandscapeRight";
				LD_RUNPATH_SEARCH_PATHS = (
					"$(inherited)",
					"@executable_path/Frameworks",
				);
				MARKETING_VERSION = 1.0;
				PRODUCT_BUNDLE_IDENTIFIER = "au.edu.uts.SymbolRoller-SwiftUI";
				PRODUCT_NAME = "$(TARGET_NAME)";
				SWIFT_EMIT_LOC_STRINGS = YES;
				SWIFT_VERSION = 5.0;
				TARGETED_DEVICE_FAMILY = "1,2";
			};
			name = Release;
		};
		BFFB6EB128BE5B5F0053F5CD /* Debug */ = {
			isa = XCBuildConfiguration;
			buildSettings = {
				ALWAYS_EMBED_SWIFT_STANDARD_LIBRARIES = YES;
				BUNDLE_LOADER = "$(TEST_HOST)";
				CODE_SIGN_STYLE = Automatic;
				CURRENT_PROJECT_VERSION = 1;
				GENERATE_INFOPLIST_FILE = YES;
				IPHONEOS_DEPLOYMENT_TARGET = 15.5;
				MARKETING_VERSION = 1.0;
				PRODUCT_BUNDLE_IDENTIFIER = "au.edu.uts.SymbolRoller-SwiftUITests";
				PRODUCT_NAME = "$(TARGET_NAME)";
				SWIFT_EMIT_LOC_STRINGS = NO;
				SWIFT_VERSION = 5.0;
				TARGETED_DEVICE_FAMILY = "1,2";
				TEST_HOST = "$(BUILT_PRODUCTS_DIR)/SymbolRoller-SwiftUI.app/SymbolRoller-SwiftUI";
			};
			name = Debug;
		};
		BFFB6EB228BE5B5F0053F5CD /* Release */ = {
			isa = XCBuildConfiguration;
			buildSettings = {
				ALWAYS_EMBED_SWIFT_STANDARD_LIBRARIES = YES;
				BUNDLE_LOADER = "$(TEST_HOST)";
				CODE_SIGN_STYLE = Automatic;
				CURRENT_PROJECT_VERSION = 1;
				GENERATE_INFOPLIST_FILE = YES;
				IPHONEOS_DEPLOYMENT_TARGET = 15.5;
				MARKETING_VERSION = 1.0;
				PRODUCT_BUNDLE_IDENTIFIER = "au.edu.uts.SymbolRoller-SwiftUITests";
				PRODUCT_NAME = "$(TARGET_NAME)";
				SWIFT_EMIT_LOC_STRINGS = NO;
				SWIFT_VERSION = 5.0;
				TARGETED_DEVICE_FAMILY = "1,2";
				TEST_HOST = "$(BUILT_PRODUCTS_DIR)/SymbolRoller-SwiftUI.app/SymbolRoller-SwiftUI";
			};
			name = Release;
		};
		BFFB6EB428BE5B5F0053F5CD /* Debug */ = {
			isa = XCBuildConfiguration;
			buildSettings = {
				ALWAYS_EMBED_SWIFT_STANDARD_LIBRARIES = YES;
				CODE_SIGN_STYLE = Automatic;
				CURRENT_PROJECT_VERSION = 1;
				GENERATE_INFOPLIST_FILE = YES;
				MARKETING_VERSION = 1.0;
				PRODUCT_BUNDLE_IDENTIFIER = "au.edu.uts.SymbolRoller-SwiftUIUITests";
				PRODUCT_NAME = "$(TARGET_NAME)";
				SWIFT_EMIT_LOC_STRINGS = NO;
				SWIFT_VERSION = 5.0;
				TARGETED_DEVICE_FAMILY = "1,2";
				TEST_TARGET_NAME = "SymbolRoller-SwiftUI";
			};
			name = Debug;
		};
		BFFB6EB528BE5B5F0053F5CD /* Release */ = {
			isa = XCBuildConfiguration;
			buildSettings = {
				ALWAYS_EMBED_SWIFT_STANDARD_LIBRARIES = YES;
				CODE_SIGN_STYLE = Automatic;
				CURRENT_PROJECT_VERSION = 1;
				GENERATE_INFOPLIST_FILE = YES;
				MARKETING_VERSION = 1.0;
				PRODUCT_BUNDLE_IDENTIFIER = "au.edu.uts.SymbolRoller-SwiftUIUITests";
				PRODUCT_NAME = "$(TARGET_NAME)";
				SWIFT_EMIT_LOC_STRINGS = NO;
				SWIFT_VERSION = 5.0;
				TARGETED_DEVICE_FAMILY = "1,2";
				TEST_TARGET_NAME = "SymbolRoller-SwiftUI";
			};
			name = Release;
		};
/* End XCBuildConfiguration section */

/* Begin XCConfigurationList section */
		BFFB6E8428BE5B5D0053F5CD /* Build configuration list for PBXProject "SymbolRoller-SwiftUI" */ = {
			isa = XCConfigurationList;
			buildConfigurations = (
				BFFB6EAB28BE5B5F0053F5CD /* Debug */,
				BFFB6EAC28BE5B5F0053F5CD /* Release */,
			);
			defaultConfigurationIsVisible = 0;
			defaultConfigurationName = Release;
		};
		BFFB6EAD28BE5B5F0053F5CD /* Build configuration list for PBXNativeTarget "SymbolRoller-SwiftUI" */ = {
			isa = XCConfigurationList;
			buildConfigurations = (
				BFFB6EAE28BE5B5F0053F5CD /* Debug */,
				BFFB6EAF28BE5B5F0053F5CD /* Release */,
			);
			defaultConfigurationIsVisible = 0;
			defaultConfigurationName = Release;
		};
		BFFB6EB028BE5B5F0053F5CD /* Build configuration list for PBXNativeTarget "SymbolRoller-SwiftUITests" */ = {
			isa = XCConfigurationList;
			buildConfigurations = (
				BFFB6EB128BE5B5F0053F5CD /* Debug */,
				BFFB6EB228BE5B5F0053F5CD /* Release */,
			);
			defaultConfigurationIsVisible = 0;
			defaultConfigurationName = Release;
		};
		BFFB6EB328BE5B5F0053F5CD /* Build configuration list for PBXNativeTarget "SymbolRoller-SwiftUIUITests" */ = {
			isa = XCConfigurationList;
			buildConfigurations = (
				BFFB6EB428BE5B5F0053F5CD /* Debug */,
				BFFB6EB528BE5B5F0053F5CD /* Release */,
			);
			defaultConfigurationIsVisible = 0;
			defaultConfigurationName = Release;
		};
/* End XCConfigurationList section */
	};
	rootObject = BFFB6E8128BE5B5D0053F5CD /* Project object */;
}
